version = 1
requires-python = ">=3.11"

[[package]]
name = "bcrypt"
version = "4.3.0"
source = { registry = "https://pypi.org/simple" }
sdist = { url = "https://files.pythonhosted.org/packages/bb/5d/6d7433e0f3cd46ce0b43cd65e1db465ea024dbb8216fb2404e919c2ad77b/bcrypt-4.3.0.tar.gz", hash = "sha256:3a3fd2204178b6d2adcf09cb4f6426ffef54762577a7c9b54c159008cb288c18", size = 25697 }
wheels = [
    { url = "https://files.pythonhosted.org/packages/bf/2c/3d44e853d1fe969d229bd58d39ae6902b3d924af0e2b5a60d17d4b809ded/bcrypt-4.3.0-cp313-cp313t-macosx_10_12_universal2.whl", hash = "sha256:f01e060f14b6b57bbb72fc5b4a83ac21c443c9a2ee708e04a10e9192f90a6281", size = 483719 },
    { url = "https://files.pythonhosted.org/packages/a1/e2/58ff6e2a22eca2e2cff5370ae56dba29d70b1ea6fc08ee9115c3ae367795/bcrypt-4.3.0-cp313-cp313t-manylinux_2_17_aarch64.manylinux2014_aarch64.whl", hash = "sha256:c5eeac541cefd0bb887a371ef73c62c3cd78535e4887b310626036a7c0a817bb", size = 272001 },
    { url = "https://files.pythonhosted.org/packages/37/1f/c55ed8dbe994b1d088309e366749633c9eb90d139af3c0a50c102ba68a1a/bcrypt-4.3.0-cp313-cp313t-manylinux_2_17_x86_64.manylinux2014_x86_64.whl", hash = "sha256:59e1aa0e2cd871b08ca146ed08445038f42ff75968c7ae50d2fdd7860ade2180", size = 277451 },
    { url = "https://files.pythonhosted.org/packages/d7/1c/794feb2ecf22fe73dcfb697ea7057f632061faceb7dcf0f155f3443b4d79/bcrypt-4.3.0-cp313-cp313t-manylinux_2_28_aarch64.whl", hash = "sha256:0042b2e342e9ae3d2ed22727c1262f76cc4f345683b5c1715f0250cf4277294f", size = 272792 },
    { url = "https://files.pythonhosted.org/packages/13/b7/0b289506a3f3598c2ae2bdfa0ea66969812ed200264e3f61df77753eee6d/bcrypt-4.3.0-cp313-cp313t-manylinux_2_28_armv7l.manylinux_2_31_armv7l.whl", hash = "sha256:74a8d21a09f5e025a9a23e7c0fd2c7fe8e7503e4d356c0a2c1486ba010619f09", size = 289752 },
    { url = "https://files.pythonhosted.org/packages/dc/24/d0fb023788afe9e83cc118895a9f6c57e1044e7e1672f045e46733421fe6/bcrypt-4.3.0-cp313-cp313t-manylinux_2_28_x86_64.whl", hash = "sha256:0142b2cb84a009f8452c8c5a33ace5e3dfec4159e7735f5afe9a4d50a8ea722d", size = 277762 },
    { url = "https://files.pythonhosted.org/packages/e4/38/cde58089492e55ac4ef6c49fea7027600c84fd23f7520c62118c03b4625e/bcrypt-4.3.0-cp313-cp313t-manylinux_2_34_aarch64.whl", hash = "sha256:12fa6ce40cde3f0b899729dbd7d5e8811cb892d31b6f7d0334a1f37748b789fd", size = 272384 },
    { url = "https://files.pythonhosted.org/packages/de/6a/d5026520843490cfc8135d03012a413e4532a400e471e6188b01b2de853f/bcrypt-4.3.0-cp313-cp313t-manylinux_2_34_x86_64.whl", hash = "sha256:5bd3cca1f2aa5dbcf39e2aa13dd094ea181f48959e1071265de49cc2b82525af", size = 277329 },
    { url = "https://files.pythonhosted.org/packages/b3/a3/4fc5255e60486466c389e28c12579d2829b28a527360e9430b4041df4cf9/bcrypt-4.3.0-cp313-cp313t-musllinux_1_1_aarch64.whl", hash = "sha256:335a420cfd63fc5bc27308e929bee231c15c85cc4c496610ffb17923abf7f231", size = 305241 },
    { url = "https://files.pythonhosted.org/packages/c7/15/2b37bc07d6ce27cc94e5b10fd5058900eb8fb11642300e932c8c82e25c4a/bcrypt-4.3.0-cp313-cp313t-musllinux_1_1_x86_64.whl", hash = "sha256:0e30e5e67aed0187a1764911af023043b4542e70a7461ad20e837e94d23e1d6c", size = 309617 },
    { url = "https://files.pythonhosted.org/packages/5f/1f/99f65edb09e6c935232ba0430c8c13bb98cb3194b6d636e61d93fe60ac59/bcrypt-4.3.0-cp313-cp313t-musllinux_1_2_aarch64.whl", hash = "sha256:3b8d62290ebefd49ee0b3ce7500f5dbdcf13b81402c05f6dafab9a1e1b27212f", size = 335751 },
    { url = "https://files.pythonhosted.org/packages/00/1b/b324030c706711c99769988fcb694b3cb23f247ad39a7823a78e361bdbb8/bcrypt-4.3.0-cp313-cp313t-musllinux_1_2_x86_64.whl", hash = "sha256:2ef6630e0ec01376f59a006dc72918b1bf436c3b571b80fa1968d775fa02fe7d", size = 355965 },
    { url = "https://files.pythonhosted.org/packages/aa/dd/20372a0579dd915dfc3b1cd4943b3bca431866fcb1dfdfd7518c3caddea6/bcrypt-4.3.0-cp313-cp313t-win32.whl", hash = "sha256:7a4be4cbf241afee43f1c3969b9103a41b40bcb3a3f467ab19f891d9bc4642e4", size = 155316 },
    { url = "https://files.pythonhosted.org/packages/6d/52/45d969fcff6b5577c2bf17098dc36269b4c02197d551371c023130c0f890/bcrypt-4.3.0-cp313-cp313t-win_amd64.whl", hash = "sha256:5c1949bf259a388863ced887c7861da1df681cb2388645766c89fdfd9004c669", size = 147752 },
    { url = "https://files.pythonhosted.org/packages/11/22/5ada0b9af72b60cbc4c9a399fdde4af0feaa609d27eb0adc61607997a3fa/bcrypt-4.3.0-cp38-abi3-macosx_10_12_universal2.whl", hash = "sha256:f81b0ed2639568bf14749112298f9e4e2b28853dab50a8b357e31798686a036d", size = 498019 },
    { url = "https://files.pythonhosted.org/packages/b8/8c/252a1edc598dc1ce57905be173328eda073083826955ee3c97c7ff5ba584/bcrypt-4.3.0-cp38-abi3-manylinux_2_17_aarch64.manylinux2014_aarch64.whl", hash = "sha256:864f8f19adbe13b7de11ba15d85d4a428c7e2f344bac110f667676a0ff84924b", size = 279174 },
    { url = "https://files.pythonhosted.org/packages/29/5b/4547d5c49b85f0337c13929f2ccbe08b7283069eea3550a457914fc078aa/bcrypt-4.3.0-cp38-abi3-manylinux_2_17_x86_64.manylinux2014_x86_64.whl", hash = "sha256:3e36506d001e93bffe59754397572f21bb5dc7c83f54454c990c74a468cd589e", size = 283870 },
    { url = "https://files.pythonhosted.org/packages/be/21/7dbaf3fa1745cb63f776bb046e481fbababd7d344c5324eab47f5ca92dd2/bcrypt-4.3.0-cp38-abi3-manylinux_2_28_aarch64.whl", hash = "sha256:842d08d75d9fe9fb94b18b071090220697f9f184d4547179b60734846461ed59", size = 279601 },
    { url = "https://files.pythonhosted.org/packages/6d/64/e042fc8262e971347d9230d9abbe70d68b0a549acd8611c83cebd3eaec67/bcrypt-4.3.0-cp38-abi3-manylinux_2_28_armv7l.manylinux_2_31_armv7l.whl", hash = "sha256:7c03296b85cb87db865d91da79bf63d5609284fc0cab9472fdd8367bbd830753", size = 297660 },
    { url = "https://files.pythonhosted.org/packages/50/b8/6294eb84a3fef3b67c69b4470fcdd5326676806bf2519cda79331ab3c3a9/bcrypt-4.3.0-cp38-abi3-manylinux_2_28_x86_64.whl", hash = "sha256:62f26585e8b219cdc909b6a0069efc5e4267e25d4a3770a364ac58024f62a761", size = 284083 },
    { url = "https://files.pythonhosted.org/packages/62/e6/baff635a4f2c42e8788fe1b1633911c38551ecca9a749d1052d296329da6/bcrypt-4.3.0-cp38-abi3-manylinux_2_34_aarch64.whl", hash = "sha256:beeefe437218a65322fbd0069eb437e7c98137e08f22c4660ac2dc795c31f8bb", size = 279237 },
    { url = "https://files.pythonhosted.org/packages/39/48/46f623f1b0c7dc2e5de0b8af5e6f5ac4cc26408ac33f3d424e5ad8da4a90/bcrypt-4.3.0-cp38-abi3-manylinux_2_34_x86_64.whl", hash = "sha256:97eea7408db3a5bcce4a55d13245ab3fa566e23b4c67cd227062bb49e26c585d", size = 283737 },
    { url = "https://files.pythonhosted.org/packages/49/8b/70671c3ce9c0fca4a6cc3cc6ccbaa7e948875a2e62cbd146e04a4011899c/bcrypt-4.3.0-cp38-abi3-musllinux_1_1_aarch64.whl", hash = "sha256:191354ebfe305e84f344c5964c7cd5f924a3bfc5d405c75ad07f232b6dffb49f", size = 312741 },
    { url = "https://files.pythonhosted.org/packages/27/fb/910d3a1caa2d249b6040a5caf9f9866c52114d51523ac2fb47578a27faee/bcrypt-4.3.0-cp38-abi3-musllinux_1_1_x86_64.whl", hash = "sha256:41261d64150858eeb5ff43c753c4b216991e0ae16614a308a15d909503617732", size = 316472 },
    { url = "https://files.pythonhosted.org/packages/dc/cf/7cf3a05b66ce466cfb575dbbda39718d45a609daa78500f57fa9f36fa3c0/bcrypt-4.3.0-cp38-abi3-musllinux_1_2_aarch64.whl", hash = "sha256:33752b1ba962ee793fa2b6321404bf20011fe45b9afd2a842139de3011898fef", size = 343606 },
    { url = "https://files.pythonhosted.org/packages/e3/b8/e970ecc6d7e355c0d892b7f733480f4aa8509f99b33e71550242cf0b7e63/bcrypt-4.3.0-cp38-abi3-musllinux_1_2_x86_64.whl", hash = "sha256:50e6e80a4bfd23a25f5c05b90167c19030cf9f87930f7cb2eacb99f45d1c3304", size = 362867 },
    { url = "https://files.pythonhosted.org/packages/a9/97/8d3118efd8354c555a3422d544163f40d9f236be5b96c714086463f11699/bcrypt-4.3.0-cp38-abi3-win32.whl", hash = "sha256:67a561c4d9fb9465ec866177e7aebcad08fe23aaf6fbd692a6fab69088abfc51", size = 160589 },
    { url = "https://files.pythonhosted.org/packages/29/07/416f0b99f7f3997c69815365babbc2e8754181a4b1899d921b3c7d5b6f12/bcrypt-4.3.0-cp38-abi3-win_amd64.whl", hash = "sha256:584027857bc2843772114717a7490a37f68da563b3620f78a849bcb54dc11e62", size = 152794 },
    { url = "https://files.pythonhosted.org/packages/6e/c1/3fa0e9e4e0bfd3fd77eb8b52ec198fd6e1fd7e9402052e43f23483f956dd/bcrypt-4.3.0-cp39-abi3-macosx_10_12_universal2.whl", hash = "sha256:0d3efb1157edebfd9128e4e46e2ac1a64e0c1fe46fb023158a407c7892b0f8c3", size = 498969 },
    { url = "https://files.pythonhosted.org/packages/ce/d4/755ce19b6743394787fbd7dff6bf271b27ee9b5912a97242e3caf125885b/bcrypt-4.3.0-cp39-abi3-manylinux_2_17_aarch64.manylinux2014_aarch64.whl", hash = "sha256:08bacc884fd302b611226c01014eca277d48f0a05187666bca23aac0dad6fe24", size = 279158 },
    { url = "https://files.pythonhosted.org/packages/9b/5d/805ef1a749c965c46b28285dfb5cd272a7ed9fa971f970435a5133250182/bcrypt-4.3.0-cp39-abi3-manylinux_2_17_x86_64.manylinux2014_x86_64.whl", hash = "sha256:f6746e6fec103fcd509b96bacdfdaa2fbde9a553245dbada284435173a6f1aef", size = 284285 },
    { url = "https://files.pythonhosted.org/packages/ab/2b/698580547a4a4988e415721b71eb45e80c879f0fb04a62da131f45987b96/bcrypt-4.3.0-cp39-abi3-manylinux_2_28_aarch64.whl", hash = "sha256:afe327968aaf13fc143a56a3360cb27d4ad0345e34da12c7290f1b00b8fe9a8b", size = 279583 },
    { url = "https://files.pythonhosted.org/packages/f2/87/62e1e426418204db520f955ffd06f1efd389feca893dad7095bf35612eec/bcrypt-4.3.0-cp39-abi3-manylinux_2_28_armv7l.manylinux_2_31_armv7l.whl", hash = "sha256:d9af79d322e735b1fc33404b5765108ae0ff232d4b54666d46730f8ac1a43676", size = 297896 },
    { url = "https://files.pythonhosted.org/packages/cb/c6/8fedca4c2ada1b6e889c52d2943b2f968d3427e5d65f595620ec4c06fa2f/bcrypt-4.3.0-cp39-abi3-manylinux_2_28_x86_64.whl", hash = "sha256:f1e3ffa1365e8702dc48c8b360fef8d7afeca482809c5e45e653af82ccd088c1", size = 284492 },
    { url = "https://files.pythonhosted.org/packages/4d/4d/c43332dcaaddb7710a8ff5269fcccba97ed3c85987ddaa808db084267b9a/bcrypt-4.3.0-cp39-abi3-manylinux_2_34_aarch64.whl", hash = "sha256:3004df1b323d10021fda07a813fd33e0fd57bef0e9a480bb143877f6cba996fe", size = 279213 },
    { url = "https://files.pythonhosted.org/packages/dc/7f/1e36379e169a7df3a14a1c160a49b7b918600a6008de43ff20d479e6f4b5/bcrypt-4.3.0-cp39-abi3-manylinux_2_34_x86_64.whl", hash = "sha256:531457e5c839d8caea9b589a1bcfe3756b0547d7814e9ce3d437f17da75c32b0", size = 284162 },
    { url = "https://files.pythonhosted.org/packages/1c/0a/644b2731194b0d7646f3210dc4d80c7fee3ecb3a1f791a6e0ae6bb8684e3/bcrypt-4.3.0-cp39-abi3-musllinux_1_1_aarch64.whl", hash = "sha256:17a854d9a7a476a89dcef6c8bd119ad23e0f82557afbd2c442777a16408e614f", size = 312856 },
    { url = "https://files.pythonhosted.org/packages/dc/62/2a871837c0bb6ab0c9a88bf54de0fc021a6a08832d4ea313ed92a669d437/bcrypt-4.3.0-cp39-abi3-musllinux_1_1_x86_64.whl", hash = "sha256:6fb1fd3ab08c0cbc6826a2e0447610c6f09e983a281b919ed721ad32236b8b23", size = 316726 },
    { url = "https://files.pythonhosted.org/packages/0c/a1/9898ea3faac0b156d457fd73a3cb9c2855c6fd063e44b8522925cdd8ce46/bcrypt-4.3.0-cp39-abi3-musllinux_1_2_aarch64.whl", hash = "sha256:e965a9c1e9a393b8005031ff52583cedc15b7884fce7deb8b0346388837d6cfe", size = 343664 },
    { url = "https://files.pythonhosted.org/packages/40/f2/71b4ed65ce38982ecdda0ff20c3ad1b15e71949c78b2c053df53629ce940/bcrypt-4.3.0-cp39-abi3-musllinux_1_2_x86_64.whl", hash = "sha256:79e70b8342a33b52b55d93b3a59223a844962bef479f6a0ea318ebbcadf71505", size = 363128 },
    { url = "https://files.pythonhosted.org/packages/11/99/12f6a58eca6dea4be992d6c681b7ec9410a1d9f5cf368c61437e31daa879/bcrypt-4.3.0-cp39-abi3-win32.whl", hash = "sha256:b4d4e57f0a63fd0b358eb765063ff661328f69a04494427265950c71b992a39a", size = 160598 },
    { url = "https://files.pythonhosted.org/packages/a9/cf/45fb5261ece3e6b9817d3d82b2f343a505fd58674a92577923bc500bd1aa/bcrypt-4.3.0-cp39-abi3-win_amd64.whl", hash = "sha256:e53e074b120f2877a35cc6c736b8eb161377caae8925c17688bd46ba56daaa5b", size = 152799 },
    { url = "https://files.pythonhosted.org/packages/4c/b1/1289e21d710496b88340369137cc4c5f6ee036401190ea116a7b4ae6d32a/bcrypt-4.3.0-pp311-pypy311_pp73-manylinux_2_28_aarch64.whl", hash = "sha256:a839320bf27d474e52ef8cb16449bb2ce0ba03ca9f44daba6d93fa1d8828e48a", size = 275103 },
    { url = "https://files.pythonhosted.org/packages/94/41/19be9fe17e4ffc5d10b7b67f10e459fc4eee6ffe9056a88de511920cfd8d/bcrypt-4.3.0-pp311-pypy311_pp73-manylinux_2_28_x86_64.whl", hash = "sha256:bdc6a24e754a555d7316fa4774e64c6c3997d27ed2d1964d55920c7c227bc4ce", size = 280513 },
    { url = "https://files.pythonhosted.org/packages/aa/73/05687a9ef89edebdd8ad7474c16d8af685eb4591c3c38300bb6aad4f0076/bcrypt-4.3.0-pp311-pypy311_pp73-manylinux_2_34_aarch64.whl", hash = "sha256:55a935b8e9a1d2def0626c4269db3fcd26728cbff1e84f0341465c31c4ee56d8", size = 274685 },
    { url = "https://files.pythonhosted.org/packages/63/13/47bba97924ebe86a62ef83dc75b7c8a881d53c535f83e2c54c4bd701e05c/bcrypt-4.3.0-pp311-pypy311_pp73-manylinux_2_34_x86_64.whl", hash = "sha256:57967b7a28d855313a963aaea51bf6df89f833db4320da458e5b3c5ab6d4c938", size = 280110 },
]

[[package]]
name = "faker"
version = "37.3.0"
source = { registry = "https://pypi.org/simple" }
dependencies = [
    { name = "tzdata" },
]
sdist = { url = "https://files.pythonhosted.org/packages/97/4b/5354912eaff922876323f2d07e21408b10867f3295d5f917748341cb6f53/faker-37.3.0.tar.gz", hash = "sha256:77b79e7a2228d57175133af0bbcdd26dc623df81db390ee52f5104d46c010f2f", size = 1901376 }
wheels = [
    { url = "https://files.pythonhosted.org/packages/ce/99/045b2dae19a01b9fbb23b9971bc04f4ef808e7f3a213d08c81067304a210/faker-37.3.0-py3-none-any.whl", hash = "sha256:48c94daa16a432f2d2bc803c7ff602509699fca228d13e97e379cd860a7e216e", size = 1942203 },
]

[[package]]
name = "psycopg2-binary"
version = "2.9.10"
source = { registry = "https://pypi.org/simple" }
sdist = { url = "https://files.pythonhosted.org/packages/cb/0e/bdc8274dc0585090b4e3432267d7be4dfbfd8971c0fa59167c711105a6bf/psycopg2-binary-2.9.10.tar.gz", hash = "sha256:4b3df0e6990aa98acda57d983942eff13d824135fe2250e6522edaa782a06de2", size = 385764 }
wheels = [
    { url = "https://files.pythonhosted.org/packages/9c/8f/9feb01291d0d7a0a4c6a6bab24094135c2b59c6a81943752f632c75896d6/psycopg2_binary-2.9.10-cp311-cp311-macosx_12_0_x86_64.whl", hash = "sha256:04392983d0bb89a8717772a193cfaac58871321e3ec69514e1c4e0d4957b5aff", size = 3043397 },
    { url = "https://files.pythonhosted.org/packages/15/30/346e4683532011561cd9c8dfeac6a8153dd96452fee0b12666058ab7893c/psycopg2_binary-2.9.10-cp311-cp311-macosx_14_0_arm64.whl", hash = "sha256:1a6784f0ce3fec4edc64e985865c17778514325074adf5ad8f80636cd029ef7c", size = 3274806 },
    { url = "https://files.pythonhosted.org/packages/66/6e/4efebe76f76aee7ec99166b6c023ff8abdc4e183f7b70913d7c047701b79/psycopg2_binary-2.9.10-cp311-cp311-manylinux_2_17_aarch64.manylinux2014_aarch64.whl", hash = "sha256:b5f86c56eeb91dc3135b3fd8a95dc7ae14c538a2f3ad77a19645cf55bab1799c", size = 2851370 },
    { url = "https://files.pythonhosted.org/packages/7f/fd/ff83313f86b50f7ca089b161b8e0a22bb3c319974096093cd50680433fdb/psycopg2_binary-2.9.10-cp311-cp311-manylinux_2_17_i686.manylinux2014_i686.whl", hash = "sha256:2b3d2491d4d78b6b14f76881905c7a8a8abcf974aad4a8a0b065273a0ed7a2cb", size = 3080780 },
    { url = "https://files.pythonhosted.org/packages/e6/c4/bfadd202dcda8333a7ccafdc51c541dbdfce7c2c7cda89fa2374455d795f/psycopg2_binary-2.9.10-cp311-cp311-manylinux_2_17_ppc64le.manylinux2014_ppc64le.whl", hash = "sha256:2286791ececda3a723d1910441c793be44625d86d1a4e79942751197f4d30341", size = 3264583 },
    { url = "https://files.pythonhosted.org/packages/5d/f1/09f45ac25e704ac954862581f9f9ae21303cc5ded3d0b775532b407f0e90/psycopg2_binary-2.9.10-cp311-cp311-manylinux_2_17_x86_64.manylinux2014_x86_64.whl", hash = "sha256:512d29bb12608891e349af6a0cccedce51677725a921c07dba6342beaf576f9a", size = 3019831 },
    { url = "https://files.pythonhosted.org/packages/9e/2e/9beaea078095cc558f215e38f647c7114987d9febfc25cb2beed7c3582a5/psycopg2_binary-2.9.10-cp311-cp311-musllinux_1_2_aarch64.whl", hash = "sha256:5a507320c58903967ef7384355a4da7ff3f28132d679aeb23572753cbf2ec10b", size = 2871822 },
    { url = "https://files.pythonhosted.org/packages/01/9e/ef93c5d93f3dc9fc92786ffab39e323b9aed066ba59fdc34cf85e2722271/psycopg2_binary-2.9.10-cp311-cp311-musllinux_1_2_i686.whl", hash = "sha256:6d4fa1079cab9018f4d0bd2db307beaa612b0d13ba73b5c6304b9fe2fb441ff7", size = 2820975 },
    { url = "https://files.pythonhosted.org/packages/a5/f0/049e9631e3268fe4c5a387f6fc27e267ebe199acf1bc1bc9cbde4bd6916c/psycopg2_binary-2.9.10-cp311-cp311-musllinux_1_2_ppc64le.whl", hash = "sha256:851485a42dbb0bdc1edcdabdb8557c09c9655dfa2ca0460ff210522e073e319e", size = 2919320 },
    { url = "https://files.pythonhosted.org/packages/dc/9a/bcb8773b88e45fb5a5ea8339e2104d82c863a3b8558fbb2aadfe66df86b3/psycopg2_binary-2.9.10-cp311-cp311-musllinux_1_2_x86_64.whl", hash = "sha256:35958ec9e46432d9076286dda67942ed6d968b9c3a6a2fd62b48939d1d78bf68", size = 2957617 },
    { url = "https://files.pythonhosted.org/packages/e2/6b/144336a9bf08a67d217b3af3246abb1d027095dab726f0687f01f43e8c03/psycopg2_binary-2.9.10-cp311-cp311-win32.whl", hash = "sha256:ecced182e935529727401b24d76634a357c71c9275b356efafd8a2a91ec07392", size = 1024618 },
    { url = "https://files.pythonhosted.org/packages/61/69/3b3d7bd583c6d3cbe5100802efa5beacaacc86e37b653fc708bf3d6853b8/psycopg2_binary-2.9.10-cp311-cp311-win_amd64.whl", hash = "sha256:ee0e8c683a7ff25d23b55b11161c2663d4b099770f6085ff0a20d4505778d6b4", size = 1163816 },
    { url = "https://files.pythonhosted.org/packages/49/7d/465cc9795cf76f6d329efdafca74693714556ea3891813701ac1fee87545/psycopg2_binary-2.9.10-cp312-cp312-macosx_12_0_x86_64.whl", hash = "sha256:880845dfe1f85d9d5f7c412efea7a08946a46894537e4e5d091732eb1d34d9a0", size = 3044771 },
    { url = "https://files.pythonhosted.org/packages/8b/31/6d225b7b641a1a2148e3ed65e1aa74fc86ba3fee850545e27be9e1de893d/psycopg2_binary-2.9.10-cp312-cp312-macosx_14_0_arm64.whl", hash = "sha256:9440fa522a79356aaa482aa4ba500b65f28e5d0e63b801abf6aa152a29bd842a", size = 3275336 },
    { url = "https://files.pythonhosted.org/packages/30/b7/a68c2b4bff1cbb1728e3ec864b2d92327c77ad52edcd27922535a8366f68/psycopg2_binary-2.9.10-cp312-cp312-manylinux_2_17_aarch64.manylinux2014_aarch64.whl", hash = "sha256:e3923c1d9870c49a2d44f795df0c889a22380d36ef92440ff618ec315757e539", size = 2851637 },
    { url = "https://files.pythonhosted.org/packages/0b/b1/cfedc0e0e6f9ad61f8657fd173b2f831ce261c02a08c0b09c652b127d813/psycopg2_binary-2.9.10-cp312-cp312-manylinux_2_17_i686.manylinux2014_i686.whl", hash = "sha256:7b2c956c028ea5de47ff3a8d6b3cc3330ab45cf0b7c3da35a2d6ff8420896526", size = 3082097 },
    { url = "https://files.pythonhosted.org/packages/18/ed/0a8e4153c9b769f59c02fb5e7914f20f0b2483a19dae7bf2db54b743d0d0/psycopg2_binary-2.9.10-cp312-cp312-manylinux_2_17_ppc64le.manylinux2014_ppc64le.whl", hash = "sha256:f758ed67cab30b9a8d2833609513ce4d3bd027641673d4ebc9c067e4d208eec1", size = 3264776 },
    { url = "https://files.pythonhosted.org/packages/10/db/d09da68c6a0cdab41566b74e0a6068a425f077169bed0946559b7348ebe9/psycopg2_binary-2.9.10-cp312-cp312-manylinux_2_17_x86_64.manylinux2014_x86_64.whl", hash = "sha256:8cd9b4f2cfab88ed4a9106192de509464b75a906462fb846b936eabe45c2063e", size = 3020968 },
    { url = "https://files.pythonhosted.org/packages/94/28/4d6f8c255f0dfffb410db2b3f9ac5218d959a66c715c34cac31081e19b95/psycopg2_binary-2.9.10-cp312-cp312-musllinux_1_2_aarch64.whl", hash = "sha256:6dc08420625b5a20b53551c50deae6e231e6371194fa0651dbe0fb206452ae1f", size = 2872334 },
    { url = "https://files.pythonhosted.org/packages/05/f7/20d7bf796593c4fea95e12119d6cc384ff1f6141a24fbb7df5a668d29d29/psycopg2_binary-2.9.10-cp312-cp312-musllinux_1_2_i686.whl", hash = "sha256:d7cd730dfa7c36dbe8724426bf5612798734bff2d3c3857f36f2733f5bfc7c00", size = 2822722 },
    { url = "https://files.pythonhosted.org/packages/4d/e4/0c407ae919ef626dbdb32835a03b6737013c3cc7240169843965cada2bdf/psycopg2_binary-2.9.10-cp312-cp312-musllinux_1_2_ppc64le.whl", hash = "sha256:155e69561d54d02b3c3209545fb08938e27889ff5a10c19de8d23eb5a41be8a5", size = 2920132 },
    { url = "https://files.pythonhosted.org/packages/2d/70/aa69c9f69cf09a01da224909ff6ce8b68faeef476f00f7ec377e8f03be70/psycopg2_binary-2.9.10-cp312-cp312-musllinux_1_2_x86_64.whl", hash = "sha256:c3cc28a6fd5a4a26224007712e79b81dbaee2ffb90ff406256158ec4d7b52b47", size = 2959312 },
    { url = "https://files.pythonhosted.org/packages/d3/bd/213e59854fafe87ba47814bf413ace0dcee33a89c8c8c814faca6bc7cf3c/psycopg2_binary-2.9.10-cp312-cp312-win32.whl", hash = "sha256:ec8a77f521a17506a24a5f626cb2aee7850f9b69a0afe704586f63a464f3cd64", size = 1025191 },
    { url = "https://files.pythonhosted.org/packages/92/29/06261ea000e2dc1e22907dbbc483a1093665509ea586b29b8986a0e56733/psycopg2_binary-2.9.10-cp312-cp312-win_amd64.whl", hash = "sha256:18c5ee682b9c6dd3696dad6e54cc7ff3a1a9020df6a5c0f861ef8bfd338c3ca0", size = 1164031 },
    { url = "https://files.pythonhosted.org/packages/3e/30/d41d3ba765609c0763505d565c4d12d8f3c79793f0d0f044ff5a28bf395b/psycopg2_binary-2.9.10-cp313-cp313-macosx_12_0_x86_64.whl", hash = "sha256:26540d4a9a4e2b096f1ff9cce51253d0504dca5a85872c7f7be23be5a53eb18d", size = 3044699 },
    { url = "https://files.pythonhosted.org/packages/35/44/257ddadec7ef04536ba71af6bc6a75ec05c5343004a7ec93006bee66c0bc/psycopg2_binary-2.9.10-cp313-cp313-macosx_14_0_arm64.whl", hash = "sha256:e217ce4d37667df0bc1c397fdcd8de5e81018ef305aed9415c3b093faaeb10fb", size = 3275245 },
    { url = "https://files.pythonhosted.org/packages/1b/11/48ea1cd11de67f9efd7262085588790a95d9dfcd9b8a687d46caf7305c1a/psycopg2_binary-2.9.10-cp313-cp313-manylinux_2_17_aarch64.manylinux2014_aarch64.whl", hash = "sha256:245159e7ab20a71d989da00f280ca57da7641fa2cdcf71749c193cea540a74f7", size = 2851631 },
    { url = "https://files.pythonhosted.org/packages/62/e0/62ce5ee650e6c86719d621a761fe4bc846ab9eff8c1f12b1ed5741bf1c9b/psycopg2_binary-2.9.10-cp313-cp313-manylinux_2_17_i686.manylinux2014_i686.whl", hash = "sha256:3c4ded1a24b20021ebe677b7b08ad10bf09aac197d6943bfe6fec70ac4e4690d", size = 3082140 },
    { url = "https://files.pythonhosted.org/packages/27/ce/63f946c098611f7be234c0dd7cb1ad68b0b5744d34f68062bb3c5aa510c8/psycopg2_binary-2.9.10-cp313-cp313-manylinux_2_17_ppc64le.manylinux2014_ppc64le.whl", hash = "sha256:3abb691ff9e57d4a93355f60d4f4c1dd2d68326c968e7db17ea96df3c023ef73", size = 3264762 },
    { url = "https://files.pythonhosted.org/packages/43/25/c603cd81402e69edf7daa59b1602bd41eb9859e2824b8c0855d748366ac9/psycopg2_binary-2.9.10-cp313-cp313-manylinux_2_17_x86_64.manylinux2014_x86_64.whl", hash = "sha256:8608c078134f0b3cbd9f89b34bd60a943b23fd33cc5f065e8d5f840061bd0673", size = 3020967 },
    { url = "https://files.pythonhosted.org/packages/5f/d6/8708d8c6fca531057fa170cdde8df870e8b6a9b136e82b361c65e42b841e/psycopg2_binary-2.9.10-cp313-cp313-musllinux_1_2_aarch64.whl", hash = "sha256:230eeae2d71594103cd5b93fd29d1ace6420d0b86f4778739cb1a5a32f607d1f", size = 2872326 },
    { url = "https://files.pythonhosted.org/packages/ce/ac/5b1ea50fc08a9df82de7e1771537557f07c2632231bbab652c7e22597908/psycopg2_binary-2.9.10-cp313-cp313-musllinux_1_2_i686.whl", hash = "sha256:bb89f0a835bcfc1d42ccd5f41f04870c1b936d8507c6df12b7737febc40f0909", size = 2822712 },
    { url = "https://files.pythonhosted.org/packages/c4/fc/504d4503b2abc4570fac3ca56eb8fed5e437bf9c9ef13f36b6621db8ef00/psycopg2_binary-2.9.10-cp313-cp313-musllinux_1_2_ppc64le.whl", hash = "sha256:f0c2d907a1e102526dd2986df638343388b94c33860ff3bbe1384130828714b1", size = 2920155 },
    { url = "https://files.pythonhosted.org/packages/b2/d1/323581e9273ad2c0dbd1902f3fb50c441da86e894b6e25a73c3fda32c57e/psycopg2_binary-2.9.10-cp313-cp313-musllinux_1_2_x86_64.whl", hash = "sha256:f8157bed2f51db683f31306aa497311b560f2265998122abe1dce6428bd86567", size = 2959356 },
    { url = "https://files.pythonhosted.org/packages/08/50/d13ea0a054189ae1bc21af1d85b6f8bb9bbc5572991055d70ad9006fe2d6/psycopg2_binary-2.9.10-cp313-cp313-win_amd64.whl", hash = "sha256:27422aa5f11fbcd9b18da48373eb67081243662f9b46e6fd07c3eb46e4535142", size = 2569224 },
]

[[package]]
name = "python-dotenv"
version = "1.1.0"
source = { registry = "https://pypi.org/simple" }
sdist = { url = "https://files.pythonhosted.org/packages/88/2c/7bb1416c5620485aa793f2de31d3df393d3686aa8a8506d11e10e13c5baf/python_dotenv-1.1.0.tar.gz", hash = "sha256:41f90bc6f5f177fb41f53e87666db362025010eb28f60a01c9143bfa33a2b2d5", size = 39920 }
wheels = [
    { url = "https://files.pythonhosted.org/packages/1e/18/98a99ad95133c6a6e2005fe89faedf294a748bd5dc803008059409ac9b1e/python_dotenv-1.1.0-py3-none-any.whl", hash = "sha256:d7c01d9e2293916c18baf562d95698754b0dbbb5e74d457c45d4f6561fb9d55d", size = 20256 },
]

[[package]]
name = "repl-nix-workspace"
version = "0.1.0"
source = { virtual = "." }
dependencies = [
    { name = "bcrypt" },
    { name = "faker" },
    { name = "psycopg2-binary" },
    { name = "python-dotenv" },
]

[package.metadata]
requires-dist = [
    { name = "bcrypt", specifier = ">=4.3.0" },
    { name = "faker", specifier = ">=37.3.0" },
    { name = "psycopg2-binary", specifier = ">=2.9.10" },
    { name = "python-dotenv", specifier = ">=1.1.0" },
]

[[package]]
name = "tzdata"
version = "2025.2"
source = { registry = "https://pypi.org/simple" }
sdist = { url = "https://files.pythonhosted.org/packages/95/32/1a225d6164441be760d75c2c42e2780dc0873fe382da3e98a2e1e48361e5/tzdata-2025.2.tar.gz", hash = "sha256:b60a638fcc0daffadf82fe0f57e53d06bdec2f36c4df66280ae79bce6bd6f2b9", size = 196380 }
wheels = [
    { url = "https://files.pythonhosted.org/packages/5c/23/c7abc0ca0a1526a0774eca151daeb8de62ec457e77262b66b359c3c7679e/tzdata-2025.2-py2.py3-none-any.whl", hash = "sha256:1a403fada01ff9221ca8044d701868fa132215d84beb92242d9acd2147f667a8", size = 347839 },
]
